Microsoft Visual Studio Solution File, Format Version 11.00
# Visual Studio 2008

Project("{AC02E760-143F-41F4-BCA7-EA67979F2032}") = "Pigeonlord", "Assembly-CSharp.csproj", "{93A6F2B4-384C-74AF-3659-C250A5EA5DCA}"
EndProject
Global
	GlobalSection(SolutionConfigurationPlatforms) = preSolution
		Debug|Any CPU = Debug|Any CPU
		Release|Any CPU = Release|Any CPU
	EndGlobalSection
	GlobalSection(ProjectConfigurationPlatforms) = postSolution
		{93A6F2B4-384C-74AF-3659-C250A5EA5DCA}.Debug|Any CPU.ActiveCfg = Debug|Any CPU
		{93A6F2B4-384C-74AF-3659-C250A5EA5DCA}.Debug|Any CPU.Build.0 = Debug|Any CPU
		{93A6F2B4-384C-74AF-3659-C250A5EA5DCA}.Release|Any CPU.ActiveCfg = Release|Any CPU
		{93A6F2B4-384C-74AF-3659-C250A5EA5DCA}.Release|Any CPU.Build.0 = Release|Any CPU
	EndGlobalSection
	GlobalSection(SolutionProperties) = preSolution
		HideSolutionNode = FALSE
	EndGlobalSection
	GlobalSection(MonoDevelopProperties) = preSolution
		StartupItem = Assembly-CSharp.csproj
	EndGlobalSection
EndGlobal
